{
  "name": "nsk-jira",
  "version": "1.0.0",
  "lockfileVersion": 3,
  "requires": true,
  "packages": {
    "": {
      "name": "nsk-jira",
      "version": "1.0.0",
      "license": "ISC",
      "dependencies": {
        "pack": "^2.2.0"
      }
    },
    "node_modules/pack": {
      "version": "2.2.0",
      "resolved": "https://registry.npmjs.org/pack/-/pack-2.2.0.tgz",
      "integrity": "sha512-Nira/5OGkacGuRhpZ4p+Z//hRhReMcPmGNa58ozPATauouRyjeIV/fAmEUzQehOnuyaAAefvPZJS26Jrh1ltsQ=="
    }
  }
}
